
Microsoft Visual Studio Solution File, Format Version 12.00
# Visual Studio Version 16
VisualStudioVersion = 16.0.30406.217
MinimumVisualStudioVersion = 10.0.40219.1
Project("{FAE04EC0-301F-11D3-BF4B-00C04F79EFBC}") = "ProyectoMA475", "ProyectoMA475\ProyectoMA475.csproj", "{3B3B1927-0838-491D-B8CC-E37967EB4934}"
EndProject
Global
	GlobalSection(SolutionConfigurationPlatforms) = preSolution
		Debug|Any CPU = Debug|Any CPU
		Release|Any CPU = Release|Any CPU
	EndGlobalSection
	GlobalSection(ProjectConfigurationPlatforms) = postSolution
		{3B3B1927-0838-491D-B8CC-E37967EB4934}.Debug|Any CPU.ActiveCfg = Debug|Any CPU
		{3B3B1927-0838-491D-B8CC-E37967EB4934}.Debug|Any CPU.Build.0 = Debug|Any CPU
		{3B3B1927-0838-491D-B8CC-E37967EB4934}.Release|Any CPU.ActiveCfg = Release|Any CPU
		{3B3B1927-0838-491D-B8CC-E37967EB4934}.Release|Any CPU.Build.0 = Release|Any CPU
	EndGlobalSection
	GlobalSection(SolutionProperties) = preSolution
		HideSolutionNode = FALSE
	EndGlobalSection
	GlobalSection(ExtensibilityGlobals) = postSolution
		SolutionGuid = {14C3A2D2-EBD3-4F61-817C-7E6CA47A9315}
	EndGlobalSection
EndGlobal
